
Microsoft Visual Studio Solution File, Format Version 12.00
# Visual Studio Version 17
VisualStudioVersion = 17.4.33403.182
MinimumVisualStudioVersion = 10.0.40219.1
Project("{FAE04EC0-301F-11D3-BF4B-00C04F79EFBC}") = "EXERCÍCIO 1 LISTA POO", "EXERCÍCIO 1 LISTA POO\EXERCÍCIO 1 LISTA POO.csproj", "{1FC90F94-0E24-4F6B-93BE-659403FB25CE}"
EndProject
Global
	GlobalSection(SolutionConfigurationPlatforms) = preSolution
		Debug|Any CPU = Debug|Any CPU
		Release|Any CPU = Release|Any CPU
	EndGlobalSection
	GlobalSection(ProjectConfigurationPlatforms) = postSolution
		{1FC90F94-0E24-4F6B-93BE-659403FB25CE}.Debug|Any CPU.ActiveCfg = Debug|Any CPU
		{1FC90F94-0E24-4F6B-93BE-659403FB25CE}.Debug|Any CPU.Build.0 = Debug|Any CPU
		{1FC90F94-0E24-4F6B-93BE-659403FB25CE}.Release|Any CPU.ActiveCfg = Release|Any CPU
		{1FC90F94-0E24-4F6B-93BE-659403FB25CE}.Release|Any CPU.Build.0 = Release|Any CPU
	EndGlobalSection
	GlobalSection(SolutionProperties) = preSolution
		HideSolutionNode = FALSE
	EndGlobalSection
	GlobalSection(ExtensibilityGlobals) = postSolution
		SolutionGuid = {5C2DA7B1-AE64-45F2-A231-D979F56B0761}
	EndGlobalSection
EndGlobal
